PODS:
  - GTFSStations (0.0.2):
    - SQLite.swift
  - Nimble (4.1.0)
  - Quick (0.9.2)
  - SQLite.swift (0.10.1)
  - SubwayStations (0.1.0)

DEPENDENCIES:
  - GTFSStations (from `../`)
  - Nimble
  - Quick
  - SQLite.swift (~> 0.10.1)
  - SubwayStations (from `https://github.com/schrockblock/subway-stations`)

EXTERNAL SOURCES:
  GTFSStations:
    :path: "../"
  SubwayStations:
    :git: https://github.com/schrockblock/subway-stations

CHECKOUT OPTIONS:
  SubwayStations:
    :commit: 0b05e317ef42e2f993473b3f4c9904c23aed2339
    :git: https://github.com/schrockblock/subway-stations

SPEC CHECKSUMS:
  GTFSStations: 6493dce849b1356d6168fc48172bd98eb892439c
  Nimble: 97a0a4cae5124c117115634b2d055d8c97d0af19
  Quick: 18d057bc66451eedd5d1c8dc99ba2a5db6e60226
  SQLite.swift: 6a6e4b034efc317ce4e203b6af2d3024fee2b570
  SubwayStations: e119c62429dc58b95345ecd3d1d02b1f2f5ed545

PODFILE CHECKSUM: 78c58e9360c03a3be7a5d8794c8fcc3a4dc69925

COCOAPODS: 1.0.0.beta.2
