PODS:
  - GTFSStations (0.3.1):
    - SQLite.swift
    - SubwayStations
  - Nimble (7.3.3)
  - Quick (1.3.4)
  - SQLite.swift (0.11.5):
    - SQLite.swift/standard (= 0.11.5)
  - SQLite.swift/standard (0.11.5)
  - SubwayStations (0.2.2)

DEPENDENCIES:
  - GTFSStations (from `../`)
  - Nimble
  - Quick
  - SQLite.swift (~> 0.11.0)
  - SubwayStations

EXTERNAL SOURCES:
  GTFSStations:
    :path: ../

SPEC CHECKSUMS:
  GTFSStations: d52ae7728401d9a656b9a75666f2e04c71a5aff6
  Nimble: 3b434b1e7d0a92603a13550a82880b0d952f518e
  Quick: f4f7f063c524394c73ed93ac70983c609805d481
  SQLite.swift: 6e5356850bb1791459f8c16d6ee9195b28714a2e
  SubwayStations: c902ac2c33734c71d24eb8f994d45406c3475602

PODFILE CHECKSUM: 2485fe7e79890112cb6020650c54d12122201e68

COCOAPODS: 1.4.0
