// !$*UTF8*$!
{
	archiveVersion = 1;
	classes = {
	};
	objectVersion = 46;
	objects = {

/* Begin PBXBuildFile section */
		0FCB05662FDBDA0F424CEC91 /* Pods_GTFS_Stations.framework in Frameworks */ = {isa = PBXBuildFile; fileRef = B22ADB7CD158A01356E7AE02 /* Pods_GTFS_Stations.framework */; };
		490E66F9207735BF00E9F5D0 /* gtfs.db in Resources */ = {isa = PBXBuildFile; fileRef = 490E66F8207735BF00E9F5D0 /* gtfs.db */; };
		490E66FA207735BF00E9F5D0 /* gtfs.db in Resources */ = {isa = PBXBuildFile; fileRef = 490E66F8207735BF00E9F5D0 /* gtfs.db */; };
		491A05EB1DCFFEBD008624E9 /* GTFSStations.podspec in Resources */ = {isa = PBXBuildFile; fileRef = 491A05EA1DCFFEBD008624E9 /* GTFSStations.podspec */; };
		496C47FD1B2900C70032FE1C /* AppDelegate.swift in Sources */ = {isa = PBXBuildFile; fileRef = 496C47FC1B2900C70032FE1C /* AppDelegate.swift */; };
		496C48041B2900C70032FE1C /* Images.xcassets in Resources */ = {isa = PBXBuildFile; fileRef = 496C48031B2900C70032FE1C /* Images.xcassets */; };
		496C48071B2900C70032FE1C /* LaunchScreen.xib in Resources */ = {isa = PBXBuildFile; fileRef = 496C48051B2900C70032FE1C /* LaunchScreen.xib */; };
		496C481E1B2902170032FE1C /* ViewController.swift in Sources */ = {isa = PBXBuildFile; fileRef = 496C481C1B2902170032FE1C /* ViewController.swift */; };
		496C481F1B2902170032FE1C /* ViewController.xib in Resources */ = {isa = PBXBuildFile; fileRef = 496C481D1B2902170032FE1C /* ViewController.xib */; };
		49832F5E1B63F0E800943A2F /* libsqlite3.dylib in Frameworks */ = {isa = PBXBuildFile; fileRef = 49832F5D1B63F0E800943A2F /* libsqlite3.dylib */; };
		498EE4EF1B6556E000ACB842 /* DBManager.swift in Sources */ = {isa = PBXBuildFile; fileRef = 498EE4E81B6556E000ACB842 /* DBManager.swift */; };
		498EE4F01B6556E000ACB842 /* DBManager.swift in Sources */ = {isa = PBXBuildFile; fileRef = 498EE4E81B6556E000ACB842 /* DBManager.swift */; };
		498EE5191B65580300ACB842 /* NSDate+RelativeTime.m in Sources */ = {isa = PBXBuildFile; fileRef = 498EE5181B65580300ACB842 /* NSDate+RelativeTime.m */; };
		498EE51A1B65580300ACB842 /* NSDate+RelativeTime.m in Sources */ = {isa = PBXBuildFile; fileRef = 498EE5181B65580300ACB842 /* NSDate+RelativeTime.m */; };
		4997ED271B63FF2F00AD94EB /* libsqlite3.dylib in Frameworks */ = {isa = PBXBuildFile; fileRef = 49832F5D1B63F0E800943A2F /* libsqlite3.dylib */; };
		49A94E121D25C38300D59F7C /* NYCRoute.swift in Sources */ = {isa = PBXBuildFile; fileRef = 49A94E0D1D25C38200D59F7C /* NYCRoute.swift */; };
		49A94E131D25C38300D59F7C /* NYCRouteColorManager.swift in Sources */ = {isa = PBXBuildFile; fileRef = 49A94E0E1D25C38200D59F7C /* NYCRouteColorManager.swift */; };
		49A94E141D25C38300D59F7C /* NYCStation.swift in Sources */ = {isa = PBXBuildFile; fileRef = 49A94E0F1D25C38200D59F7C /* NYCStation.swift */; };
		49A94E151D25C38300D59F7C /* NYCStationManager.swift in Sources */ = {isa = PBXBuildFile; fileRef = 49A94E101D25C38300D59F7C /* NYCStationManager.swift */; };
		49A94E161D25C38300D59F7C /* NYCStop.swift in Sources */ = {isa = PBXBuildFile; fileRef = 49A94E111D25C38300D59F7C /* NYCStop.swift */; };
		49D0A53B1B2C83CC00CBC8D4 /* StationManagerSpec.swift in Sources */ = {isa = PBXBuildFile; fileRef = 49D0A53A1B2C83CC00CBC8D4 /* StationManagerSpec.swift */; };
		49D535A31B69DADE0087D368 /* StationSpec.swift in Sources */ = {isa = PBXBuildFile; fileRef = 49D535A21B69DADE0087D368 /* StationSpec.swift */; };
		49D535A51B69E8F70087D368 /* PredictionSpec.swift in Sources */ = {isa = PBXBuildFile; fileRef = 49D535A41B69E8F70087D368 /* PredictionSpec.swift */; };
		E9A477535D908402D7899D00 /* Pods_GTFS_StationsTests.framework in Frameworks */ = {isa = PBXBuildFile; fileRef = C7A8267EAF52850EBF014C08 /* Pods_GTFS_StationsTests.framework */; };
/* End PBXBuildFile section */

/* Begin PBXContainerItemProxy section */
		496C480D1B2900C70032FE1C /* PBXContainerItemProxy */ = {
			isa = PBXContainerItemProxy;
			containerPortal = 496C47EF1B2900C70032FE1C /* Project object */;
			proxyType = 1;
			remoteGlobalIDString = 496C47F61B2900C70032FE1C;
			remoteInfo = "GTFS Stations";
		};
/* End PBXContainerItemProxy section */

/* Begin PBXCopyFilesBuildPhase section */
		491831C01B68710600EB8328 /* Embed Frameworks */ = {
			isa = PBXCopyFilesBuildPhase;
			buildActionMask = 2147483647;
			dstPath = "";
			dstSubfolderSpec = 10;
			files = (
			);
			name = "Embed Frameworks";
			runOnlyForDeploymentPostprocessing = 0;
		};
/* End PBXCopyFilesBuildPhase section */

/* Begin PBXFileReference section */
		490E66F8207735BF00E9F5D0 /* gtfs.db */ = {isa = PBXFileReference; lastKnownFileType = file; path = gtfs.db; sourceTree = SOURCE_ROOT; };
		491A05EA1DCFFEBD008624E9 /* GTFSStations.podspec */ = {isa = PBXFileReference; fileEncoding = 4; lastKnownFileType = text; name = GTFSStations.podspec; path = ../../GTFSStations.podspec; sourceTree = "<group>"; xcLanguageSpecificationIdentifier = xcode.lang.ruby; };
		496C47F71B2900C70032FE1C /* GTFS Stations.app */ = {isa = PBXFileReference; explicitFileType = wrapper.application; includeInIndex = 0; path = "GTFS Stations.app"; sourceTree = BUILT_PRODUCTS_DIR; };
		496C47FB1B2900C70032FE1C /* Info.plist */ = {isa = PBXFileReference; lastKnownFileType = text.plist.xml; path = Info.plist; sourceTree = "<group>"; };
		496C47FC1B2900C70032FE1C /* AppDelegate.swift */ = {isa = PBXFileReference; lastKnownFileType = sourcecode.swift; path = AppDelegate.swift; sourceTree = "<group>"; };
		496C48031B2900C70032FE1C /* Images.xcassets */ = {isa = PBXFileReference; lastKnownFileType = folder.assetcatalog; path = Images.xcassets; sourceTree = "<group>"; };
		496C48061B2900C70032FE1C /* Base */ = {isa = PBXFileReference; lastKnownFileType = file.xib; name = Base; path = Base.lproj/LaunchScreen.xib; sourceTree = "<group>"; };
		496C480C1B2900C70032FE1C /* GTFS StationsTests.xctest */ = {isa = PBXFileReference; explicitFileType = wrapper.cfbundle; includeInIndex = 0; path = "GTFS StationsTests.xctest"; sourceTree = BUILT_PRODUCTS_DIR; };
		496C48111B2900C70032FE1C /* Info.plist */ = {isa = PBXFileReference; lastKnownFileType = text.plist.xml; path = Info.plist; sourceTree = "<group>"; };
		496C481C1B2902170032FE1C /* ViewController.swift */ = {isa = PBXFileReference; fileEncoding = 4; lastKnownFileType = sourcecode.swift; path = ViewController.swift; sourceTree = "<group>"; };
		496C481D1B2902170032FE1C /* ViewController.xib */ = {isa = PBXFileReference; fileEncoding = 4; lastKnownFileType = file.xib; path = ViewController.xib; sourceTree = "<group>"; };
		49832F5D1B63F0E800943A2F /* libsqlite3.dylib */ = {isa = PBXFileReference; lastKnownFileType = "compiled.mach-o.dylib"; name = libsqlite3.dylib; path = usr/lib/libsqlite3.dylib; sourceTree = SDKROOT; };
		498EE4E81B6556E000ACB842 /* DBManager.swift */ = {isa = PBXFileReference; fileEncoding = 4; lastKnownFileType = sourcecode.swift; name = DBManager.swift; path = ../../Pod/Classes/DBManager.swift; sourceTree = "<group>"; };
		498EE4FD1B65570C00ACB842 /* GTFS Stations-Bridging-Header.h */ = {isa = PBXFileReference; fileEncoding = 4; lastKnownFileType = sourcecode.c.h; name = "GTFS Stations-Bridging-Header.h"; path = "../../Pod/Classes/GTFS Stations-Bridging-Header.h"; sourceTree = "<group>"; };
		498EE4FE1B65570C00ACB842 /* GTFS StationsTests-Bridging-Header.h */ = {isa = PBXFileReference; fileEncoding = 4; lastKnownFileType = sourcecode.c.h; name = "GTFS StationsTests-Bridging-Header.h"; path = "../../Pod/Classes/GTFS StationsTests-Bridging-Header.h"; sourceTree = "<group>"; };
		498EE5171B65580300ACB842 /* NSDate+RelativeTime.h */ = {isa = PBXFileReference; fileEncoding = 4; lastKnownFileType = sourcecode.c.h; name = "NSDate+RelativeTime.h"; path = "../../Pod/Classes/NSDate+RelativeTime.h"; sourceTree = "<group>"; };
		498EE5181B65580300ACB842 /* NSDate+RelativeTime.m */ = {isa = PBXFileReference; fileEncoding = 4; lastKnownFileType = sourcecode.c.objc; name = "NSDate+RelativeTime.m"; path = "../../Pod/Classes/NSDate+RelativeTime.m"; sourceTree = "<group>"; };
		4992696F1DD022B80048A9C9 /* Pods_GTFS_Stations.framework */ = {isa = PBXFileReference; lastKnownFileType = wrapper.framework; name = Pods_GTFS_Stations.framework; path = "../../../../../Library/Developer/Xcode/DerivedData/GTFS_Stations-errbdivnrokphnfcghbiwcszeozu/Build/Products/Debug-iphonesimulator/Pods_GTFS_Stations.framework"; sourceTree = "<group>"; };
		499269711DD023E80048A9C9 /* SQLite.framework */ = {isa = PBXFileReference; lastKnownFileType = wrapper.framework; name = SQLite.framework; path = "../../../../../Library/Developer/Xcode/DerivedData/GTFS_Stations-errbdivnrokphnfcghbiwcszeozu/Build/Products/Debug-iphonesimulator/SQLite.swift/SQLite.framework"; sourceTree = "<group>"; };
		49A94E0D1D25C38200D59F7C /* NYCRoute.swift */ = {isa = PBXFileReference; fileEncoding = 4; lastKnownFileType = sourcecode.swift; name = NYCRoute.swift; path = ../../Pod/Classes/NYCRoute.swift; sourceTree = "<group>"; };
		49A94E0E1D25C38200D59F7C /* NYCRouteColorManager.swift */ = {isa = PBXFileReference; fileEncoding = 4; lastKnownFileType = sourcecode.swift; name = NYCRouteColorManager.swift; path = ../../Pod/Classes/NYCRouteColorManager.swift; sourceTree = "<group>"; };
		49A94E0F1D25C38200D59F7C /* NYCStation.swift */ = {isa = PBXFileReference; fileEncoding = 4; lastKnownFileType = sourcecode.swift; name = NYCStation.swift; path = ../../Pod/Classes/NYCStation.swift; sourceTree = "<group>"; };
		49A94E101D25C38300D59F7C /* NYCStationManager.swift */ = {isa = PBXFileReference; fileEncoding = 4; lastKnownFileType = sourcecode.swift; name = NYCStationManager.swift; path = ../../Pod/Classes/NYCStationManager.swift; sourceTree = "<group>"; };
		49A94E111D25C38300D59F7C /* NYCStop.swift */ = {isa = PBXFileReference; fileEncoding = 4; lastKnownFileType = sourcecode.swift; name = NYCStop.swift; path = ../../Pod/Classes/NYCStop.swift; sourceTree = "<group>"; };
		49D0A53A1B2C83CC00CBC8D4 /* StationManagerSpec.swift */ = {isa = PBXFileReference; fileEncoding = 4; lastKnownFileType = sourcecode.swift; path = StationManagerSpec.swift; sourceTree = "<group>"; };
		49D535A21B69DADE0087D368 /* StationSpec.swift */ = {isa = PBXFileReference; fileEncoding = 4; lastKnownFileType = sourcecode.swift; path = StationSpec.swift; sourceTree = "<group>"; };
		49D535A41B69E8F70087D368 /* PredictionSpec.swift */ = {isa = PBXFileReference; fileEncoding = 4; lastKnownFileType = sourcecode.swift; path = PredictionSpec.swift; sourceTree = "<group>"; };
		6151A93DC49AB0A5A53D1327 /* Pods-GTFS StationsTests.release.xcconfig */ = {isa = PBXFileReference; includeInIndex = 1; lastKnownFileType = text.xcconfig; name = "Pods-GTFS StationsTests.release.xcconfig"; path = "Pods/Target Support Files/Pods-GTFS StationsTests/Pods-GTFS StationsTests.release.xcconfig"; sourceTree = "<group>"; };
		9D5ED7AF28A013E520DD6BEA /* Pods-GTFS StationsTests.debug.xcconfig */ = {isa = PBXFileReference; includeInIndex = 1; lastKnownFileType = text.xcconfig; name = "Pods-GTFS StationsTests.debug.xcconfig"; path = "Pods/Target Support Files/Pods-GTFS StationsTests/Pods-GTFS StationsTests.debug.xcconfig"; sourceTree = "<group>"; };
		B22ADB7CD158A01356E7AE02 /* Pods_GTFS_Stations.framework */ = {isa = PBXFileReference; explicitFileType = wrapper.framework; includeInIndex = 0; path = Pods_GTFS_Stations.framework; sourceTree = BUILT_PRODUCTS_DIR; };
		C7A8267EAF52850EBF014C08 /* Pods_GTFS_StationsTests.framework */ = {isa = PBXFileReference; explicitFileType = wrapper.framework; includeInIndex = 0; path = Pods_GTFS_StationsTests.framework; sourceTree = BUILT_PRODUCTS_DIR; };
		D9790C94A12FA81A2CB787B3 /* Pods-GTFS Stations.release.xcconfig */ = {isa = PBXFileReference; includeInIndex = 1; lastKnownFileType = text.xcconfig; name = "Pods-GTFS Stations.release.xcconfig"; path = "Pods/Target Support Files/Pods-GTFS Stations/Pods-GTFS Stations.release.xcconfig"; sourceTree = "<group>"; };
		F4B6BC319A1AC426D824553E /* Pods-GTFS Stations.debug.xcconfig */ = {isa = PBXFileReference; includeInIndex = 1; lastKnownFileType = text.xcconfig; name = "Pods-GTFS Stations.debug.xcconfig"; path = "Pods/Target Support Files/Pods-GTFS Stations/Pods-GTFS Stations.debug.xcconfig"; sourceTree = "<group>"; };
/* End PBXFileReference section */

/* Begin PBXFrameworksBuildPhase section */
		496C47F41B2900C70032FE1C /* Frameworks */ = {
			isa = PBXFrameworksBuildPhase;
			buildActionMask = 2147483647;
			files = (
				49832F5E1B63F0E800943A2F /* libsqlite3.dylib in Frameworks */,
				0FCB05662FDBDA0F424CEC91 /* Pods_GTFS_Stations.framework in Frameworks */,
			);
			runOnlyForDeploymentPostprocessing = 0;
		};
		496C48091B2900C70032FE1C /* Frameworks */ = {
			isa = PBXFrameworksBuildPhase;
			buildActionMask = 2147483647;
			files = (
				4997ED271B63FF2F00AD94EB /* libsqlite3.dylib in Frameworks */,
				E9A477535D908402D7899D00 /* Pods_GTFS_StationsTests.framework in Frameworks */,
			);
			runOnlyForDeploymentPostprocessing = 0;
		};
/* End PBXFrameworksBuildPhase section */

/* Begin PBXGroup section */
		357A772B3EE0A7DE0A770BF9 /* Frameworks */ = {
			isa = PBXGroup;
			children = (
				499269711DD023E80048A9C9 /* SQLite.framework */,
				4992696F1DD022B80048A9C9 /* Pods_GTFS_Stations.framework */,
				49832F5D1B63F0E800943A2F /* libsqlite3.dylib */,
				B22ADB7CD158A01356E7AE02 /* Pods_GTFS_Stations.framework */,
				C7A8267EAF52850EBF014C08 /* Pods_GTFS_StationsTests.framework */,
			);
			name = Frameworks;
			sourceTree = "<group>";
		};
		496C47EE1B2900C70032FE1C = {
			isa = PBXGroup;
			children = (
				496C47F91B2900C70032FE1C /* GTFS Stations */,
				496C480F1B2900C70032FE1C /* GTFS StationsTests */,
				496C47F81B2900C70032FE1C /* Products */,
				357A772B3EE0A7DE0A770BF9 /* Frameworks */,
				61494739D38C802E732016A8 /* Pods */,
			);
			sourceTree = "<group>";
		};
		496C47F81B2900C70032FE1C /* Products */ = {
			isa = PBXGroup;
			children = (
				496C47F71B2900C70032FE1C /* GTFS Stations.app */,
				496C480C1B2900C70032FE1C /* GTFS StationsTests.xctest */,
			);
			name = Products;
			sourceTree = "<group>";
		};
		496C47F91B2900C70032FE1C /* GTFS Stations */ = {
			isa = PBXGroup;
			children = (
				491A05EA1DCFFEBD008624E9 /* GTFSStations.podspec */,
				496C47FC1B2900C70032FE1C /* AppDelegate.swift */,
				4997ED2E1B6460D300AD94EB /* RelativeTime */,
				496C48241B290DAB0032FE1C /* Controllers */,
				496C48231B290DA40032FE1C /* Models */,
				498EE4FD1B65570C00ACB842 /* GTFS Stations-Bridging-Header.h */,
				498EE4FE1B65570C00ACB842 /* GTFS StationsTests-Bridging-Header.h */,
				496C48031B2900C70032FE1C /* Images.xcassets */,
				496C48051B2900C70032FE1C /* LaunchScreen.xib */,
				496C47FA1B2900C70032FE1C /* Supporting Files */,
			);
			path = "GTFS Stations";
			sourceTree = "<group>";
		};
		496C47FA1B2900C70032FE1C /* Supporting Files */ = {
			isa = PBXGroup;
			children = (
				490E66F8207735BF00E9F5D0 /* gtfs.db */,
				496C47FB1B2900C70032FE1C /* Info.plist */,
			);
			name = "Supporting Files";
			sourceTree = "<group>";
		};
		496C480F1B2900C70032FE1C /* GTFS StationsTests */ = {
			isa = PBXGroup;
			children = (
				49D0A53A1B2C83CC00CBC8D4 /* StationManagerSpec.swift */,
				49D535A21B69DADE0087D368 /* StationSpec.swift */,
				49D535A41B69E8F70087D368 /* PredictionSpec.swift */,
				496C48101B2900C70032FE1C /* Supporting Files */,
			);
			path = "GTFS StationsTests";
			sourceTree = "<group>";
		};
		496C48101B2900C70032FE1C /* Supporting Files */ = {
			isa = PBXGroup;
			children = (
				496C48111B2900C70032FE1C /* Info.plist */,
			);
			name = "Supporting Files";
			sourceTree = "<group>";
		};
		496C48231B290DA40032FE1C /* Models */ = {
			isa = PBXGroup;
			children = (
				49A94E0D1D25C38200D59F7C /* NYCRoute.swift */,
				49A94E0E1D25C38200D59F7C /* NYCRouteColorManager.swift */,
				49A94E0F1D25C38200D59F7C /* NYCStation.swift */,
				49A94E101D25C38300D59F7C /* NYCStationManager.swift */,
				49A94E111D25C38300D59F7C /* NYCStop.swift */,
				498EE4E81B6556E000ACB842 /* DBManager.swift */,
			);
			name = Models;
			sourceTree = "<group>";
		};
		496C48241B290DAB0032FE1C /* Controllers */ = {
			isa = PBXGroup;
			children = (
				496C481C1B2902170032FE1C /* ViewController.swift */,
				496C481D1B2902170032FE1C /* ViewController.xib */,
			);
			name = Controllers;
			sourceTree = "<group>";
		};
		4997ED2E1B6460D300AD94EB /* RelativeTime */ = {
			isa = PBXGroup;
			children = (
				498EE5171B65580300ACB842 /* NSDate+RelativeTime.h */,
				498EE5181B65580300ACB842 /* NSDate+RelativeTime.m */,
			);
			name = RelativeTime;
			sourceTree = "<group>";
		};
		61494739D38C802E732016A8 /* Pods */ = {
			isa = PBXGroup;
			children = (
				F4B6BC319A1AC426D824553E /* Pods-GTFS Stations.debug.xcconfig */,
				D9790C94A12FA81A2CB787B3 /* Pods-GTFS Stations.release.xcconfig */,
				9D5ED7AF28A013E520DD6BEA /* Pods-GTFS StationsTests.debug.xcconfig */,
				6151A93DC49AB0A5A53D1327 /* Pods-GTFS StationsTests.release.xcconfig */,
			);
			name = Pods;
			sourceTree = "<group>";
		};
/* End PBXGroup section */

/* Begin PBXNativeTarget section */
		496C47F61B2900C70032FE1C /* GTFS Stations */ = {
			isa = PBXNativeTarget;
			buildConfigurationList = 496C48161B2900C70032FE1C /* Build configuration list for PBXNativeTarget "GTFS Stations" */;
			buildPhases = (
				F255CA25D6A566EEA7D87E81 /* [CP] Check Pods Manifest.lock */,
				496C47F31B2900C70032FE1C /* Sources */,
				496C47F41B2900C70032FE1C /* Frameworks */,
				496C47F51B2900C70032FE1C /* Resources */,
				491831C01B68710600EB8328 /* Embed Frameworks */,
				362A416C3A95A6CF91DFE2F2 /* [CP] Embed Pods Frameworks */,
				943F925B8523B8B4AF0352AF /* [CP] Copy Pods Resources */,
			);
			buildRules = (
			);
			dependencies = (
			);
			name = "GTFS Stations";
			productName = "GTFS Stations";
			productReference = 496C47F71B2900C70032FE1C /* GTFS Stations.app */;
			productType = "com.apple.product-type.application";
		};
		496C480B1B2900C70032FE1C /* GTFS StationsTests */ = {
			isa = PBXNativeTarget;
			buildConfigurationList = 496C48191B2900C70032FE1C /* Build configuration list for PBXNativeTarget "GTFS StationsTests" */;
			buildPhases = (
				995CACD87F569FBB16A47035 /* [CP] Check Pods Manifest.lock */,
				E574EDB04E356EB2A96F2003 /* [CP] Embed Pods Frameworks */,
				496C48081B2900C70032FE1C /* Sources */,
				496C48091B2900C70032FE1C /* Frameworks */,
				496C480A1B2900C70032FE1C /* Resources */,
				405CB4B732FE000778603771 /* [CP] Copy Pods Resources */,
			);
			buildRules = (
			);
			dependencies = (
				496C480E1B2900C70032FE1C /* PBXTargetDependency */,
			);
			name = "GTFS StationsTests";
			productName = "GTFS StationsTests";
			productReference = 496C480C1B2900C70032FE1C /* GTFS StationsTests.xctest */;
			productType = "com.apple.product-type.bundle.unit-test";
		};
/* End PBXNativeTarget section */

/* Begin PBXProject section */
		496C47EF1B2900C70032FE1C /* Project object */ = {
			isa = PBXProject;
			attributes = {
				LastSwiftMigration = 0700;
				LastSwiftUpdateCheck = 0700;
				LastUpgradeCheck = 0920;
				ORGANIZATIONNAME = "Elliot Schrock";
				TargetAttributes = {
					496C47F61B2900C70032FE1C = {
						CreatedOnToolsVersion = 6.3.1;
						LastSwiftMigration = 0810;
					};
					496C480B1B2900C70032FE1C = {
						CreatedOnToolsVersion = 6.3.1;
						LastSwiftMigration = 0810;
						TestTargetID = 496C47F61B2900C70032FE1C;
					};
				};
			};
			buildConfigurationList = 496C47F21B2900C70032FE1C /* Build configuration list for PBXProject "GTFS Stations" */;
			compatibilityVersion = "Xcode 3.2";
			developmentRegion = English;
			hasScannedForEncodings = 0;
			knownRegions = (
				en,
				Base,
			);
			mainGroup = 496C47EE1B2900C70032FE1C;
			productRefGroup = 496C47F81B2900C70032FE1C /* Products */;
			projectDirPath = "";
			projectRoot = "";
			targets = (
				496C47F61B2900C70032FE1C /* GTFS Stations */,
				496C480B1B2900C70032FE1C /* GTFS StationsTests */,
			);
		};
/* End PBXProject section */

/* Begin PBXResourcesBuildPhase section */
		496C47F51B2900C70032FE1C /* Resources */ = {
			isa = PBXResourcesBuildPhase;
			buildActionMask = 2147483647;
			files = (
				496C48071B2900C70032FE1C /* LaunchScreen.xib in Resources */,
				496C481F1B2902170032FE1C /* ViewController.xib in Resources */,
				490E66F9207735BF00E9F5D0 /* gtfs.db in Resources */,
				491A05EB1DCFFEBD008624E9 /* GTFSStations.podspec in Resources */,
				496C48041B2900C70032FE1C /* Images.xcassets in Resources */,
			);
			runOnlyForDeploymentPostprocessing = 0;
		};
		496C480A1B2900C70032FE1C /* Resources */ = {
			isa = PBXResourcesBuildPhase;
			buildActionMask = 2147483647;
			files = (
				490E66FA207735BF00E9F5D0 /* gtfs.db in Resources */,
			);
			runOnlyForDeploymentPostprocessing = 0;
		};
/* End PBXResourcesBuildPhase section */

/* Begin PBXShellScriptBuildPhase section */
		362A416C3A95A6CF91DFE2F2 /* [CP] Embed Pods Frameworks */ = {
			isa = PBXShellScriptBuildPhase;
			buildActionMask = 2147483647;
			files = (
			);
			inputPaths = (
				"${SRCROOT}/Pods/Target Support Files/Pods-GTFS Stations/Pods-GTFS Stations-frameworks.sh",
				"${BUILT_PRODUCTS_DIR}/GTFSStations/GTFSStations.framework",
				"${BUILT_PRODUCTS_DIR}/SQLite.swift/SQLite.framework",
				"${BUILT_PRODUCTS_DIR}/SubwayStations/SubwayStations.framework",
			);
			name = "[CP] Embed Pods Frameworks";
			outputPaths = (
				"${TARGET_BUILD_DIR}/${FRAMEWORKS_FOLDER_PATH}/GTFSStations.framework",
				"${TARGET_BUILD_DIR}/${FRAMEWORKS_FOLDER_PATH}/SQLite.framework",
				"${TARGET_BUILD_DIR}/${FRAMEWORKS_FOLDER_PATH}/SubwayStations.framework",
			);
			runOnlyForDeploymentPostprocessing = 0;
			shellPath = /bin/sh;
			shellScript = "\"${SRCROOT}/Pods/Target Support Files/Pods-GTFS Stations/Pods-GTFS Stations-frameworks.sh\"\n";
			showEnvVarsInLog = 0;
		};
		405CB4B732FE000778603771 /* [CP] Copy Pods Resources */ = {
			isa = PBXShellScriptBuildPhase;
			buildActionMask = 2147483647;
			files = (
			);
			inputPaths = (
			);
			name = "[CP] Copy Pods Resources";
			outputPaths = (
			);
			runOnlyForDeploymentPostprocessing = 0;
			shellPath = /bin/sh;
			shellScript = "\"${SRCROOT}/Pods/Target Support Files/Pods-GTFS StationsTests/Pods-GTFS StationsTests-resources.sh\"\n";
			showEnvVarsInLog = 0;
		};
		943F925B8523B8B4AF0352AF /* [CP] Copy Pods Resources */ = {
			isa = PBXShellScriptBuildPhase;
			buildActionMask = 2147483647;
			files = (
			);
			inputPaths = (
			);
			name = "[CP] Copy Pods Resources";
			outputPaths = (
			);
			runOnlyForDeploymentPostprocessing = 0;
			shellPath = /bin/sh;
			shellScript = "\"${SRCROOT}/Pods/Target Support Files/Pods-GTFS Stations/Pods-GTFS Stations-resources.sh\"\n";
			showEnvVarsInLog = 0;
		};
		995CACD87F569FBB16A47035 /* [CP] Check Pods Manifest.lock */ = {
			isa = PBXShellScriptBuildPhase;
			buildActionMask = 2147483647;
			files = (
			);
			inputPaths = (
				"${PODS_PODFILE_DIR_PATH}/Podfile.lock",
				"${PODS_ROOT}/Manifest.lock",
			);
			name = "[CP] Check Pods Manifest.lock";
			outputPaths = (
				"$(DERIVED_FILE_DIR)/Pods-GTFS StationsTests-checkManifestLockResult.txt",
			);
			runOnlyForDeploymentPostprocessing = 0;
			shellPath = /bin/sh;
			shellScript = "diff \"${PODS_PODFILE_DIR_PATH}/Podfile.lock\" \"${PODS_ROOT}/Manifest.lock\" > /dev/null\nif [ $? != 0 ] ; then\n    # print error to STDERR\n    echo \"error: The sandbox is not in sync with the Podfile.lock. Run 'pod install' or update your CocoaPods installation.\" >&2\n    exit 1\nfi\n# This output is used by Xcode 'outputs' to avoid re-running this script phase.\necho \"SUCCESS\" > \"${SCRIPT_OUTPUT_FILE_0}\"\n";
			showEnvVarsInLog = 0;
		};
		E574EDB04E356EB2A96F2003 /* [CP] Embed Pods Frameworks */ = {
			isa = PBXShellScriptBuildPhase;
			buildActionMask = 2147483647;
			files = (
			);
			inputPaths = (
				"${SRCROOT}/Pods/Target Support Files/Pods-GTFS StationsTests/Pods-GTFS StationsTests-frameworks.sh",
				"${BUILT_PRODUCTS_DIR}/GTFSStations/GTFSStations.framework",
				"${BUILT_PRODUCTS_DIR}/SQLite.swift/SQLite.framework",
				"${BUILT_PRODUCTS_DIR}/SubwayStations/SubwayStations.framework",
				"${BUILT_PRODUCTS_DIR}/Nimble/Nimble.framework",
				"${BUILT_PRODUCTS_DIR}/Quick/Quick.framework",
			);
			name = "[CP] Embed Pods Frameworks";
			outputPaths = (
				"${TARGET_BUILD_DIR}/${FRAMEWORKS_FOLDER_PATH}/GTFSStations.framework",
				"${TARGET_BUILD_DIR}/${FRAMEWORKS_FOLDER_PATH}/SQLite.framework",
				"${TARGET_BUILD_DIR}/${FRAMEWORKS_FOLDER_PATH}/SubwayStations.framework",
				"${TARGET_BUILD_DIR}/${FRAMEWORKS_FOLDER_PATH}/Nimble.framework",
				"${TARGET_BUILD_DIR}/${FRAMEWORKS_FOLDER_PATH}/Quick.framework",
			);
			runOnlyForDeploymentPostprocessing = 0;
			shellPath = /bin/sh;
			shellScript = "\"${SRCROOT}/Pods/Target Support Files/Pods-GTFS StationsTests/Pods-GTFS StationsTests-frameworks.sh\"\n";
			showEnvVarsInLog = 0;
		};
		F255CA25D6A566EEA7D87E81 /* [CP] Check Pods Manifest.lock */ = {
			isa = PBXShellScriptBuildPhase;
			buildActionMask = 2147483647;
			files = (
			);
			inputPaths = (
				"${PODS_PODFILE_DIR_PATH}/Podfile.lock",
				"${PODS_ROOT}/Manifest.lock",
			);
			name = "[CP] Check Pods Manifest.lock";
			outputPaths = (
				"$(DERIVED_FILE_DIR)/Pods-GTFS Stations-checkManifestLockResult.txt",
			);
			runOnlyForDeploymentPostprocessing = 0;
			shellPath = /bin/sh;
			shellScript = "diff \"${PODS_PODFILE_DIR_PATH}/Podfile.lock\" \"${PODS_ROOT}/Manifest.lock\" > /dev/null\nif [ $? != 0 ] ; then\n    # print error to STDERR\n    echo \"error: The sandbox is not in sync with the Podfile.lock. Run 'pod install' or update your CocoaPods installation.\" >&2\n    exit 1\nfi\n# This output is used by Xcode 'outputs' to avoid re-running this script phase.\necho \"SUCCESS\" > \"${SCRIPT_OUTPUT_FILE_0}\"\n";
			showEnvVarsInLog = 0;
		};
/* End PBXShellScriptBuildPhase section */

/* Begin PBXSourcesBuildPhase section */
		496C47F31B2900C70032FE1C /* Sources */ = {
			isa = PBXSourcesBuildPhase;
			buildActionMask = 2147483647;
			files = (
				49A94E141D25C38300D59F7C /* NYCStation.swift in Sources */,
				49A94E151D25C38300D59F7C /* NYCStationManager.swift in Sources */,
				49A94E131D25C38300D59F7C /* NYCRouteColorManager.swift in Sources */,
				49A94E121D25C38300D59F7C /* NYCRoute.swift in Sources */,
				496C481E1B2902170032FE1C /* ViewController.swift in Sources */,
				49A94E161D25C38300D59F7C /* NYCStop.swift in Sources */,
				498EE5191B65580300ACB842 /* NSDate+RelativeTime.m in Sources */,
				498EE4EF1B6556E000ACB842 /* DBManager.swift in Sources */,
				496C47FD1B2900C70032FE1C /* AppDelegate.swift in Sources */,
			);
			runOnlyForDeploymentPostprocessing = 0;
		};
		496C48081B2900C70032FE1C /* Sources */ = {
			isa = PBXSourcesBuildPhase;
			buildActionMask = 2147483647;
			files = (
				49D0A53B1B2C83CC00CBC8D4 /* StationManagerSpec.swift in Sources */,
				49D535A51B69E8F70087D368 /* PredictionSpec.swift in Sources */,
				49D535A31B69DADE0087D368 /* StationSpec.swift in Sources */,
				498EE4F01B6556E000ACB842 /* DBManager.swift in Sources */,
				498EE51A1B65580300ACB842 /* NSDate+RelativeTime.m in Sources */,
			);
			runOnlyForDeploymentPostprocessing = 0;
		};
/* End PBXSourcesBuildPhase section */

/* Begin PBXTargetDependency section */
		496C480E1B2900C70032FE1C /* PBXTargetDependency */ = {
			isa = PBXTargetDependency;
			target = 496C47F61B2900C70032FE1C /* GTFS Stations */;
			targetProxy = 496C480D1B2900C70032FE1C /* PBXContainerItemProxy */;
		};
/* End PBXTargetDependency section */

/* Begin PBXVariantGroup section */
		496C48051B2900C70032FE1C /* LaunchScreen.xib */ = {
			isa = PBXVariantGroup;
			children = (
				496C48061B2900C70032FE1C /* Base */,
			);
			name = LaunchScreen.xib;
			sourceTree = "<group>";
		};
/* End PBXVariantGroup section */

/* Begin XCBuildConfiguration section */
		496C48141B2900C70032FE1C /* Debug */ = {
			isa = XCBuildConfiguration;
			buildSettings = {
				ALWAYS_SEARCH_USER_PATHS = NO;
				CLANG_CXX_LANGUAGE_STANDARD = "gnu++0x";
				CLANG_CXX_LIBRARY = "libc++";
				CLANG_ENABLE_MODULES = YES;
				CLANG_ENABLE_OBJC_ARC = YES;
				CLANG_WARN_BLOCK_CAPTURE_AUTORELEASING = YES;
				CLANG_WARN_BOOL_CONVERSION = YES;
				CLANG_WARN_COMMA = YES;
				CLANG_WARN_CONSTANT_CONVERSION = YES;
				CLANG_WARN_DIRECT_OBJC_ISA_USAGE = YES_ERROR;
				CLANG_WARN_EMPTY_BODY = YES;
				CLANG_WARN_ENUM_CONVERSION = YES;
				CLANG_WARN_INFINITE_RECURSION = YES;
				CLANG_WARN_INT_CONVERSION = YES;
				CLANG_WARN_NON_LITERAL_NULL_CONVERSION = YES;
				CLANG_WARN_OBJC_LITERAL_CONVERSION = YES;
				CLANG_WARN_OBJC_ROOT_CLASS = YES_ERROR;
				CLANG_WARN_RANGE_LOOP_ANALYSIS = YES;
				CLANG_WARN_STRICT_PROTOTYPES = YES;
				CLANG_WARN_SUSPICIOUS_MOVE = YES;
				CLANG_WARN_UNREACHABLE_CODE = YES;
				CLANG_WARN__DUPLICATE_METHOD_MATCH = YES;
				"CODE_SIGN_IDENTITY[sdk=iphoneos*]" = "iPhone Developer";
				COPY_PHASE_STRIP = NO;
				DEBUG_INFORMATION_FORMAT = "dwarf-with-dsym";
				ENABLE_STRICT_OBJC_MSGSEND = YES;
				ENABLE_TESTABILITY = YES;
				GCC_C_LANGUAGE_STANDARD = gnu99;
				GCC_DYNAMIC_NO_PIC = NO;
				GCC_NO_COMMON_BLOCKS = YES;
				GCC_OPTIMIZATION_LEVEL = 0;
				GCC_PREPROCESSOR_DEFINITIONS = (
					"DEBUG=1",
					"$(inherited)",
				);
				GCC_SYMBOLS_PRIVATE_EXTERN = NO;
				GCC_WARN_64_TO_32_BIT_CONVERSION = YES;
				GCC_WARN_ABOUT_RETURN_TYPE = YES_ERROR;
				GCC_WARN_UNDECLARED_SELECTOR = YES;
				GCC_WARN_UNINITIALIZED_AUTOS = YES_AGGRESSIVE;
				GCC_WARN_UNUSED_FUNCTION = YES;
				GCC_WARN_UNUSED_VARIABLE = YES;
				IPHONEOS_DEPLOYMENT_TARGET = 10.0;
				MTL_ENABLE_DEBUG_INFO = YES;
				ONLY_ACTIVE_ARCH = YES;
				SDKROOT = iphoneos;
				SWIFT_INSTALL_OBJC_HEADER = YES;
				SWIFT_OBJC_BRIDGING_HEADER = "../Pod/Classes/GTFS Stations-Bridging-Header.h";
				SWIFT_OPTIMIZATION_LEVEL = "-Onone";
			};
			name = Debug;
		};
		496C48151B2900C70032FE1C /* Release */ = {
			isa = XCBuildConfiguration;
			buildSettings = {
				ALWAYS_SEARCH_USER_PATHS = NO;
				CLANG_CXX_LANGUAGE_STANDARD = "gnu++0x";
				CLANG_CXX_LIBRARY = "libc++";
				CLANG_ENABLE_MODULES = YES;
				CLANG_ENABLE_OBJC_ARC = YES;
				CLANG_WARN_BLOCK_CAPTURE_AUTORELEASING = YES;
				CLANG_WARN_BOOL_CONVERSION = YES;
				CLANG_WARN_COMMA = YES;
				CLANG_WARN_CONSTANT_CONVERSION = YES;
				CLANG_WARN_DIRECT_OBJC_ISA_USAGE = YES_ERROR;
				CLANG_WARN_EMPTY_BODY = YES;
				CLANG_WARN_ENUM_CONVERSION = YES;
				CLANG_WARN_INFINITE_RECURSION = YES;
				CLANG_WARN_INT_CONVERSION = YES;
				CLANG_WARN_NON_LITERAL_NULL_CONVERSION = YES;
				CLANG_WARN_OBJC_LITERAL_CONVERSION = YES;
				CLANG_WARN_OBJC_ROOT_CLASS = YES_ERROR;
				CLANG_WARN_RANGE_LOOP_ANALYSIS = YES;
				CLANG_WARN_STRICT_PROTOTYPES = YES;
				CLANG_WARN_SUSPICIOUS_MOVE = YES;
				CLANG_WARN_UNREACHABLE_CODE = YES;
				CLANG_WARN__DUPLICATE_METHOD_MATCH = YES;
				"CODE_SIGN_IDENTITY[sdk=iphoneos*]" = "iPhone Developer";
				COPY_PHASE_STRIP = NO;
				DEBUG_INFORMATION_FORMAT = "dwarf-with-dsym";
				ENABLE_NS_ASSERTIONS = NO;
				ENABLE_STRICT_OBJC_MSGSEND = YES;
				GCC_C_LANGUAGE_STANDARD = gnu99;
				GCC_NO_COMMON_BLOCKS = YES;
				GCC_WARN_64_TO_32_BIT_CONVERSION = YES;
				GCC_WARN_ABOUT_RETURN_TYPE = YES_ERROR;
				GCC_WARN_UNDECLARED_SELECTOR = YES;
				GCC_WARN_UNINITIALIZED_AUTOS = YES_AGGRESSIVE;
				GCC_WARN_UNUSED_FUNCTION = YES;
				GCC_WARN_UNUSED_VARIABLE = YES;
				IPHONEOS_DEPLOYMENT_TARGET = 10.0;
				MTL_ENABLE_DEBUG_INFO = NO;
				ONLY_ACTIVE_ARCH = NO;
				SDKROOT = iphoneos;
				SWIFT_INSTALL_OBJC_HEADER = YES;
				SWIFT_OBJC_BRIDGING_HEADER = "../Pod/Classes/GTFS Stations-Bridging-Header.h";
				SWIFT_OPTIMIZATION_LEVEL = "-Owholemodule";
				VALIDATE_PRODUCT = YES;
			};
			name = Release;
		};
		496C48171B2900C70032FE1C /* Debug */ = {
			isa = XCBuildConfiguration;
			baseConfigurationReference = F4B6BC319A1AC426D824553E /* Pods-GTFS Stations.debug.xcconfig */;
			buildSettings = {
				ASSETCATALOG_COMPILER_APPICON_NAME = AppIcon;
				CLANG_ENABLE_MODULES = YES;
				INFOPLIST_FILE = "GTFS Stations/Info.plist";
				IPHONEOS_DEPLOYMENT_TARGET = 10.0;
				LD_RUNPATH_SEARCH_PATHS = "$(inherited) @executable_path/Frameworks";
				ONLY_ACTIVE_ARCH = YES;
				PRODUCT_BUNDLE_IDENTIFIER = "com.thryv.$(PRODUCT_NAME:rfc1034identifier)";
				PRODUCT_NAME = "$(TARGET_NAME)";
				SWIFT_INSTALL_OBJC_HEADER = YES;
				SWIFT_OBJC_BRIDGING_HEADER = "../Pod/Classes/GTFS Stations-Bridging-Header.h";
				SWIFT_OPTIMIZATION_LEVEL = "-Onone";
				SWIFT_VERSION = 3.0;
			};
			name = Debug;
		};
		496C48181B2900C70032FE1C /* Release */ = {
			isa = XCBuildConfiguration;
			baseConfigurationReference = D9790C94A12FA81A2CB787B3 /* Pods-GTFS Stations.release.xcconfig */;
			buildSettings = {
				ASSETCATALOG_COMPILER_APPICON_NAME = AppIcon;
				CLANG_ENABLE_MODULES = YES;
				INFOPLIST_FILE = "GTFS Stations/Info.plist";
				IPHONEOS_DEPLOYMENT_TARGET = 10.0;
				LD_RUNPATH_SEARCH_PATHS = "$(inherited) @executable_path/Frameworks";
				ONLY_ACTIVE_ARCH = NO;
				PRODUCT_BUNDLE_IDENTIFIER = "com.thryv.$(PRODUCT_NAME:rfc1034identifier)";
				PRODUCT_NAME = "$(TARGET_NAME)";
				SWIFT_INSTALL_OBJC_HEADER = YES;
				SWIFT_OBJC_BRIDGING_HEADER = "../Pod/Classes/GTFS Stations-Bridging-Header.h";
				SWIFT_VERSION = 3.0;
			};
			name = Release;
		};
		496C481A1B2900C70032FE1C /* Debug */ = {
			isa = XCBuildConfiguration;
			baseConfigurationReference = 9D5ED7AF28A013E520DD6BEA /* Pods-GTFS StationsTests.debug.xcconfig */;
			buildSettings = {
				BUNDLE_LOADER = "$(TEST_HOST)";
				CLANG_ENABLE_MODULES = YES;
				CODE_SIGN_IDENTITY = "iPhone Developer: Todd Elliot Schrock (RY2U2EZS76)";
				FRAMEWORK_SEARCH_PATHS = "$(inherited)";
				GCC_PREPROCESSOR_DEFINITIONS = (
					"DEBUG=1",
					"$(inherited)",
				);
				INFOPLIST_FILE = "GTFS StationsTests/Info.plist";
				LD_RUNPATH_SEARCH_PATHS = "$(inherited) @executable_path/Frameworks @loader_path/Frameworks";
				ONLY_ACTIVE_ARCH = YES;
				PRODUCT_BUNDLE_IDENTIFIER = "com.thryv.$(PRODUCT_NAME:rfc1034identifier)";
				PRODUCT_NAME = "$(TARGET_NAME)";
				PROVISIONING_PROFILE = "df034d6d-ca33-442a-a660-739a4ace7c16";
				SWIFT_INSTALL_OBJC_HEADER = YES;
				SWIFT_OBJC_BRIDGING_HEADER = "../Pod/Classes/GTFS StationsTests-Bridging-Header.h";
				SWIFT_OPTIMIZATION_LEVEL = "-Onone";
				SWIFT_VERSION = 3.0;
				TEST_HOST = "$(BUILT_PRODUCTS_DIR)/GTFS Stations.app/GTFS Stations";
			};
			name = Debug;
		};
		496C481B1B2900C70032FE1C /* Release */ = {
			isa = XCBuildConfiguration;
			baseConfigurationReference = 6151A93DC49AB0A5A53D1327 /* Pods-GTFS StationsTests.release.xcconfig */;
			buildSettings = {
				BUNDLE_LOADER = "$(TEST_HOST)";
				CLANG_ENABLE_MODULES = YES;
				FRAMEWORK_SEARCH_PATHS = "$(inherited)";
				INFOPLIST_FILE = "GTFS StationsTests/Info.plist";
				LD_RUNPATH_SEARCH_PATHS = "$(inherited) @executable_path/Frameworks @loader_path/Frameworks";
				ONLY_ACTIVE_ARCH = NO;
				PRODUCT_BUNDLE_IDENTIFIER = "com.thryv.$(PRODUCT_NAME:rfc1034identifier)";
				PRODUCT_NAME = "$(TARGET_NAME)";
				PROVISIONING_PROFILE = "df034d6d-ca33-442a-a660-739a4ace7c16";
				SWIFT_INSTALL_OBJC_HEADER = YES;
				SWIFT_OBJC_BRIDGING_HEADER = "../Pod/Classes/GTFS StationsTests-Bridging-Header.h";
				SWIFT_VERSION = 3.0;
				TEST_HOST = "$(BUILT_PRODUCTS_DIR)/GTFS Stations.app/GTFS Stations";
			};
			name = Release;
		};
/* End XCBuildConfiguration section */

/* Begin XCConfigurationList section */
		496C47F21B2900C70032FE1C /* Build configuration list for PBXProject "GTFS Stations" */ = {
			isa = XCConfigurationList;
			buildConfigurations = (
				496C48141B2900C70032FE1C /* Debug */,
				496C48151B2900C70032FE1C /* Release */,
			);
			defaultConfigurationIsVisible = 0;
			defaultConfigurationName = Release;
		};
		496C48161B2900C70032FE1C /* Build configuration list for PBXNativeTarget "GTFS Stations" */ = {
			isa = XCConfigurationList;
			buildConfigurations = (
				496C48171B2900C70032FE1C /* Debug */,
				496C48181B2900C70032FE1C /* Release */,
			);
			defaultConfigurationIsVisible = 0;
			defaultConfigurationName = Release;
		};
		496C48191B2900C70032FE1C /* Build configuration list for PBXNativeTarget "GTFS StationsTests" */ = {
			isa = XCConfigurationList;
			buildConfigurations = (
				496C481A1B2900C70032FE1C /* Debug */,
				496C481B1B2900C70032FE1C /* Release */,
			);
			defaultConfigurationIsVisible = 0;
			defaultConfigurationName = Release;
		};
/* End XCConfigurationList section */
	};
	rootObject = 496C47EF1B2900C70032FE1C /* Project object */;
}
